
Microsoft Visual Studio Solution File, Format Version 12.00
# Visual Studio Version 17
VisualStudioVersion = 17.7.34024.191
MinimumVisualStudioVersion = 10.0.40219.1
Project("{FAE04EC0-301F-11D3-BF4B-00C04F79EFBC}") = "Lab_6_MTZKIT", "Lab_6_MTZKIT\Lab_6_MTZKIT.csproj", "{1E77EEE9-3206-4376-9921-DC9F180344B5}"
EndProject
Global
	GlobalSection(SolutionConfigurationPlatforms) = preSolution
		Debug|Any CPU = Debug|Any CPU
		Release|Any CPU = Release|Any CPU
	EndGlobalSection
	GlobalSection(ProjectConfigurationPlatforms) = postSolution
		{1E77EEE9-3206-4376-9921-DC9F180344B5}.Debug|Any CPU.ActiveCfg = Debug|Any CPU
		{1E77EEE9-3206-4376-9921-DC9F180344B5}.Debug|Any CPU.Build.0 = Debug|Any CPU
		{1E77EEE9-3206-4376-9921-DC9F180344B5}.Release|Any CPU.ActiveCfg = Release|Any CPU
		{1E77EEE9-3206-4376-9921-DC9F180344B5}.Release|Any CPU.Build.0 = Release|Any CPU
	EndGlobalSection
	GlobalSection(SolutionProperties) = preSolution
		HideSolutionNode = FALSE
	EndGlobalSection
	GlobalSection(ExtensibilityGlobals) = postSolution
		SolutionGuid = {44DED741-C334-45C5-9BED-CA8BA734AEB8}
	EndGlobalSection
EndGlobal
